// !$*UTF8*$!
{
	archiveVersion = 1;
	classes = {
	};
	objectVersion = 46;
	objects = {

/* Begin PBXBuildFile section */
		365626141AD2B2B400C4B147 /* AppDelegate.swift in Sources */ = {isa = PBXBuildFile; fileRef = 365626131AD2B2B400C4B147 /* AppDelegate.swift */; };
		365626161AD2B2B400C4B147 /* ViewController.swift in Sources */ = {isa = PBXBuildFile; fileRef = 365626151AD2B2B400C4B147 /* ViewController.swift */; };
		365626191AD2B2B400C4B147 /* Main.storyboard in Resources */ = {isa = PBXBuildFile; fileRef = 365626171AD2B2B400C4B147 /* Main.storyboard */; };
		3656261B1AD2B2B400C4B147 /* Images.xcassets in Resources */ = {isa = PBXBuildFile; fileRef = 3656261A1AD2B2B400C4B147 /* Images.xcassets */; };
		3656261E1AD2B2B400C4B147 /* LaunchScreen.xib in Resources */ = {isa = PBXBuildFile; fileRef = 3656261C1AD2B2B400C4B147 /* LaunchScreen.xib */; };
		3656262A1AD2B2B400C4B147 /* PostcardTests.swift in Sources */ = {isa = PBXBuildFile; fileRef = 365626291AD2B2B400C4B147 /* PostcardTests.swift */; };
/* End PBXBuildFile section */

/* Begin PBXContainerItemProxy section */
		365626241AD2B2B400C4B147 /* PBXContainerItemProxy */ = {
			isa = PBXContainerItemProxy;
			containerPortal = 365626061AD2B2B400C4B147 /* Project object */;
			proxyType = 1;
			remoteGlobalIDString = 3656260D1AD2B2B400C4B147;
			remoteInfo = Postcard;
		};
/* End PBXContainerItemProxy section */

/* Begin PBXFileReference section */
		3656260E1AD2B2B400C4B147 /* Postcard.app */ = {isa = PBXFileReference; explicitFileType = wrapper.application; includeInIndex = 0; path = Postcard.app; sourceTree = BUILT_PRODUCTS_DIR; };
		365626121AD2B2B400C4B147 /* Info.plist */ = {isa = PBXFileReference; lastKnownFileType = text.plist.xml; path = Info.plist; sourceTree = "<group>"; };
		365626131AD2B2B400C4B147 /* AppDelegate.swift */ = {isa = PBXFileReference; lastKnownFileType = sourcecode.swift; path = AppDelegate.swift; sourceTree = "<group>"; };
		365626151AD2B2B400C4B147 /* ViewController.swift */ = {isa = PBXFileReference; lastKnownFileType = sourcecode.swift; path = ViewController.swift; sourceTree = "<group>"; };
		365626181AD2B2B400C4B147 /* Base */ = {isa = PBXFileReference; lastKnownFileType = file.storyboard; name = Base; path = Base.lproj/Main.storyboard; sourceTree = "<group>"; };
		3656261A1AD2B2B400C4B147 /* Images.xcassets */ = {isa = PBXFileReference; lastKnownFileType = folder.assetcatalog; path = Images.xcassets; sourceTree = "<group>"; };
		3656261D1AD2B2B400C4B147 /* Base */ = {isa = PBXFileReference; lastKnownFileType = file.xib; name = Base; path = Base.lproj/LaunchScreen.xib; sourceTree = "<group>"; };
		365626231AD2B2B400C4B147 /* PostcardTests.xctest */ = {isa = PBXFileReference; explicitFileType = wrapper.cfbundle; includeInIndex = 0; path = PostcardTests.xctest; sourceTree = BUILT_PRODUCTS_DIR; };
		365626281AD2B2B400C4B147 /* Info.plist */ = {isa = PBXFileReference; lastKnownFileType = text.plist.xml; path = Info.plist; sourceTree = "<group>"; };
		365626291AD2B2B400C4B147 /* PostcardTests.swift */ = {isa = PBXFileReference; lastKnownFileType = sourcecode.swift; path = PostcardTests.swift; sourceTree = "<group>"; };
/* End PBXFileReference section */

/* Begin PBXFrameworksBuildPhase section */
		3656260B1AD2B2B400C4B147 /* Frameworks */ = {
			isa = PBXFrameworksBuildPhase;
			buildActionMask = 2147483647;
			files = (
			);
			runOnlyForDeploymentPostprocessing = 0;
		};
		365626201AD2B2B400C4B147 /* Frameworks */ = {
			isa = PBXFrameworksBuildPhase;
			buildActionMask = 2147483647;
			files = (
			);
			runOnlyForDeploymentPostprocessing = 0;
		};
/* End PBXFrameworksBuildPhase section */

/* Begin PBXGroup section */
		365626051AD2B2B400C4B147 = {
			isa = PBXGroup;
			children = (
				365626101AD2B2B400C4B147 /* Postcard */,
				365626261AD2B2B400C4B147 /* PostcardTests */,
				3656260F1AD2B2B400C4B147 /* Products */,
			);
			sourceTree = "<group>";
		};
		3656260F1AD2B2B400C4B147 /* Products */ = {
			isa = PBXGroup;
			children = (
				3656260E1AD2B2B400C4B147 /* Postcard.app */,
				365626231AD2B2B400C4B147 /* PostcardTests.xctest */,
			);
			name = Products;
			sourceTree = "<group>";
		};
		365626101AD2B2B400C4B147 /* Postcard */ = {
			isa = PBXGroup;
			children = (
				365626131AD2B2B400C4B147 /* AppDelegate.swift */,
				365626151AD2B2B400C4B147 /* ViewController.swift */,
				365626171AD2B2B400C4B147 /* Main.storyboard */,
				3656261A1AD2B2B400C4B147 /* Images.xcassets */,
				3656261C1AD2B2B400C4B147 /* LaunchScreen.xib */,
				365626111AD2B2B400C4B147 /* Supporting Files */,
			);
			path = Postcard;
			sourceTree = "<group>";
		};
		365626111AD2B2B400C4B147 /* Supporting Files */ = {
			isa = PBXGroup;
			children = (
				365626121AD2B2B400C4B147 /* Info.plist */,
			);
			name = "Supporting Files";
			sourceTree = "<group>";
		};
		365626261AD2B2B400C4B147 /* PostcardTests */ = {
			isa = PBXGroup;
			children = (
				365626291AD2B2B400C4B147 /* PostcardTests.swift */,
				365626271AD2B2B400C4B147 /* Supporting Files */,
			);
			path = PostcardTests;
			sourceTree = "<group>";
		};
		365626271AD2B2B400C4B147 /* Supporting Files */ = {
			isa = PBXGroup;
			children = (
				365626281AD2B2B400C4B147 /* Info.plist */,
			);
			name = "Supporting Files";
			sourceTree = "<group>";
		};
/* End PBXGroup section */

/* Begin PBXNativeTarget section */
		3656260D1AD2B2B400C4B147 /* Postcard */ = {
			isa = PBXNativeTarget;
			buildConfigurationList = 3656262D1AD2B2B400C4B147 /* Build configuration list for PBXNativeTarget "Postcard" */;
			buildPhases = (
				3656260A1AD2B2B400C4B147 /* Sources */,
				3656260B1AD2B2B400C4B147 /* Frameworks */,
				3656260C1AD2B2B400C4B147 /* Resources */,
			);
			buildRules = (
			);
			dependencies = (
			);
			name = Postcard;
			productName = Postcard;
			productReference = 3656260E1AD2B2B400C4B147 /* Postcard.app */;
			productType = "com.apple.product-type.application";
		};
		365626221AD2B2B400C4B147 /* PostcardTests */ = {
			isa = PBXNativeTarget;
			buildConfigurationList = 365626301AD2B2B400C4B147 /* Build configuration list for PBXNativeTarget "PostcardTests" */;
			buildPhases = (
				3656261F1AD2B2B400C4B147 /* Sources */,
				365626201AD2B2B400C4B147 /* Frameworks */,
				365626211AD2B2B400C4B147 /* Resources */,
			);
			buildRules = (
			);
			dependencies = (
				365626251AD2B2B400C4B147 /* PBXTargetDependency */,
			);
			name = PostcardTests;
			productName = PostcardTests;
			productReference = 365626231AD2B2B400C4B147 /* PostcardTests.xctest */;
			productType = "com.apple.product-type.bundle.unit-test";
		};
/* End PBXNativeTarget section */

/* Begin PBXProject section */
		365626061AD2B2B400C4B147 /* Project object */ = {
			isa = PBXProject;
			attributes = {
				LastUpgradeCheck = 0620;
				ORGANIZATIONNAME = "alejandro angeriz";
				TargetAttributes = {
					3656260D1AD2B2B400C4B147 = {
						CreatedOnToolsVersion = 6.2;
					};
					365626221AD2B2B400C4B147 = {
						CreatedOnToolsVersion = 6.2;
						TestTargetID = 3656260D1AD2B2B400C4B147;
					};
				};
			};
			buildConfigurationList = 365626091AD2B2B400C4B147 /* Build configuration list for PBXProject "Postcard" */;
			compatibilityVersion = "Xcode 3.2";
			developmentRegion = English;
			hasScannedForEncodings = 0;
			knownRegions = (
				en,
				Base,
			);
			mainGroup = 365626051AD2B2B400C4B147;
			productRefGroup = 3656260F1AD2B2B400C4B147 /* Products */;
			projectDirPath = "";
			projectRoot = "";
			targets = (
				3656260D1AD2B2B400C4B147 /* Postcard */,
				365626221AD2B2B400C4B147 /* PostcardTests */,
			);
		};
/* End PBXProject section */

/* Begin PBXResourcesBuildPhase section */
		3656260C1AD2B2B400C4B147 /* Resources */ = {
			isa = PBXResourcesBuildPhase;
			buildActionMask = 2147483647;
			files = (
				365626191AD2B2B400C4B147 /* Main.storyboard in Resources */,
				3656261E1AD2B2B400C4B147 /* LaunchScreen.xib in Resources */,
				3656261B1AD2B2B400C4B147 /* Images.xcassets in Resources */,
			);
			runOnlyForDeploymentPostprocessing = 0;
		};
		365626211AD2B2B400C4B147 /* Resources */ = {
			isa = PBXResourcesBuildPhase;
			buildActionMask = 2147483647;
			files = (
			);
			runOnlyForDeploymentPostprocessing = 0;
		};
/* End PBXResourcesBuildPhase section */

/* Begin PBXSourcesBuildPhase section */
		3656260A1AD2B2B400C4B147 /* Sources */ = {
			isa = PBXSourcesBuildPhase;
			buildActionMask = 2147483647;
			files = (
				365626161AD2B2B400C4B147 /* ViewController.swift in Sources */,
				365626141AD2B2B400C4B147 /* AppDelegate.swift in Sources */,
			);
			runOnlyForDeploymentPostprocessing = 0;
		};
		3656261F1AD2B2B400C4B147 /* Sources */ = {
			isa = PBXSourcesBuildPhase;
			buildActionMask = 2147483647;
			files = (
				3656262A1AD2B2B400C4B147 /* PostcardTests.swift in Sources */,
			);
			runOnlyForDeploymentPostprocessing = 0;
		};
/* End PBXSourcesBuildPhase section */

/* Begin PBXTargetDependency section */
		365626251AD2B2B400C4B147 /* PBXTargetDependency */ = {
			isa = PBXTargetDependency;
			target = 3656260D1AD2B2B400C4B147 /* Postcard */;
			targetProxy = 365626241AD2B2B400C4B147 /* PBXContainerItemProxy */;
		};
/* End PBXTargetDependency section */

/* Begin PBXVariantGroup section */
		365626171AD2B2B400C4B147 /* Main.storyboard */ = {
			isa = PBXVariantGroup;
			children = (
				365626181AD2B2B400C4B147 /* Base */,
			);
			name = Main.storyboard;
			sourceTree = "<group>";
		};
		3656261C1AD2B2B400C4B147 /* LaunchScreen.xib */ = {
			isa = PBXVariantGroup;
			children = (
				3656261D1AD2B2B400C4B147 /* Base */,
			);
			name = LaunchScreen.xib;
			sourceTree = "<group>";
		};
/* End PBXVariantGroup section */

/* Begin XCBuildConfiguration section */
		3656262B1AD2B2B400C4B147 /* Debug */ = {
			isa = XCBuildConfiguration;
			buildSettings = {
				ALWAYS_SEARCH_USER_PATHS = NO;
				CLANG_CXX_LANGUAGE_STANDARD = "gnu++0x";
				CLANG_CXX_LIBRARY = "libc++";
				CLANG_ENABLE_MODULES = YES;
				CLANG_ENABLE_OBJC_ARC = YES;
				CLANG_WARN_BOOL_CONVERSION = YES;
				CLANG_WARN_CONSTANT_CONVERSION = YES;
				CLANG_WARN_DIRECT_OBJC_ISA_USAGE = YES_ERROR;
				CLANG_WARN_EMPTY_BODY = YES;
				CLANG_WARN_ENUM_CONVERSION = YES;
				CLANG_WARN_INT_CONVERSION = YES;
				CLANG_WARN_OBJC_ROOT_CLASS = YES_ERROR;
				CLANG_WARN_UNREACHABLE_CODE = YES;
				CLANG_WARN__DUPLICATE_METHOD_MATCH = YES;
				"CODE_SIGN_IDENTITY[sdk=iphoneos*]" = "iPhone Developer";
				COPY_PHASE_STRIP = NO;
				ENABLE_STRICT_OBJC_MSGSEND = YES;
				GCC_C_LANGUAGE_STANDARD = gnu99;
				GCC_DYNAMIC_NO_PIC = NO;
				GCC_OPTIMIZATION_LEVEL = 0;
				GCC_PREPROCESSOR_DEFINITIONS = (
					"DEBUG=1",
					"$(inherited)",
				);
				GCC_SYMBOLS_PRIVATE_EXTERN = NO;
				GCC_WARN_64_TO_32_BIT_CONVERSION = YES;
				GCC_WARN_ABOUT_RETURN_TYPE = YES_ERROR;
				GCC_WARN_UNDECLARED_SELECTOR = YES;
				GCC_WARN_UNINITIALIZED_AUTOS = YES_AGGRESSIVE;
				GCC_WARN_UNUSED_FUNCTION = YES;
				GCC_WARN_UNUSED_VARIABLE = YES;
				IPHONEOS_DEPLOYMENT_TARGET = 8.2;
				MTL_ENABLE_DEBUG_INFO = YES;
				ONLY_ACTIVE_ARCH = YES;
				SDKROOT = iphoneos;
				SWIFT_OPTIMIZATION_LEVEL = "-Onone";
				TARGETED_DEVICE_FAMILY = "1,2";
			};
			name = Debug;
		};
		3656262C1AD2B2B400C4B147 /* Release */ = {
			isa = XCBuildConfiguration;
			buildSettings = {
				ALWAYS_SEARCH_USER_PATHS = NO;
				CLANG_CXX_LANGUAGE_STANDARD = "gnu++0x";
				CLANG_CXX_LIBRARY = "libc++";
				CLANG_ENABLE_MODULES = YES;
				CLANG_ENABLE_OBJC_ARC = YES;
				CLANG_WARN_BOOL_CONVERSION = YES;
				CLANG_WARN_CONSTANT_CONVERSION = YES;
				CLANG_WARN_DIRECT_OBJC_ISA_USAGE = YES_ERROR;
				CLANG_WARN_EMPTY_BODY = YES;
				CLANG_WARN_ENUM_CONVERSION = YES;
				CLANG_WARN_INT_CONVERSION = YES;
				CLANG_WARN_OBJC_ROOT_CLASS = YES_ERROR;
				CLANG_WARN_UNREACHABLE_CODE = YES;
				CLANG_WARN__DUPLICATE_METHOD_MATCH = YES;
				"CODE_SIGN_IDENTITY[sdk=iphoneos*]" = "iPhone Developer";
				COPY_PHASE_STRIP = NO;
				ENABLE_NS_ASSERTIONS = NO;
				ENABLE_STRICT_OBJC_MSGSEND = YES;
				GCC_C_LANGUAGE_STANDARD = gnu99;
				GCC_WARN_64_TO_32_BIT_CONVERSION = YES;
				GCC_WARN_ABOUT_RETURN_TYPE = YES_ERROR;
				GCC_WARN_UNDECLARED_SELECTOR = YES;
				GCC_WARN_UNINITIALIZED_AUTOS = YES_AGGRESSIVE;
				GCC_WARN_UNUSED_FUNCTION = YES;
				GCC_WARN_UNUSED_VARIABLE = YES;
				IPHONEOS_DEPLOYMENT_TARGET = 8.2;
				MTL_ENABLE_DEBUG_INFO = NO;
				SDKROOT = iphoneos;
				TARGETED_DEVICE_FAMILY = "1,2";
				VALIDATE_PRODUCT = YES;
			};
			name = Release;
		};
		3656262E1AD2B2B400C4B147 /* Debug */ = {
			isa = XCBuildConfiguration;
			buildSettings = {
				ASSETCATALOG_COMPILER_APPICON_NAME = AppIcon;
				INFOPLIST_FILE = Postcard/Info.plist;
				LD_RUNPATH_SEARCH_PATHS = "$(inherited) @executable_path/Frameworks";
				PRODUCT_NAME = "$(TARGET_NAME)";
			};
			name = Debug;
		};
		3656262F1AD2B2B400C4B147 /* Release */ = {
			isa = XCBuildConfiguration;
			buildSettings = {
				ASSETCATALOG_COMPILER_APPICON_NAME = AppIcon;
				INFOPLIST_FILE = Postcard/Info.plist;
				LD_RUNPATH_SEARCH_PATHS = "$(inherited) @executable_path/Frameworks";
				PRODUCT_NAME = "$(TARGET_NAME)";
			};
			name = Release;
		};
		365626311AD2B2B400C4B147 /* Debug */ = {
			isa = XCBuildConfiguration;
			buildSettings = {
				BUNDLE_LOADER = "$(TEST_HOST)";
				FRAMEWORK_SEARCH_PATHS = (
					"$(SDKROOT)/Developer/Library/Frameworks",
					"$(inherited)",
				);
				GCC_PREPROCESSOR_DEFINITIONS = (
					"DEBUG=1",
					"$(inherited)",
				);
				INFOPLIST_FILE = PostcardTests/Info.plist;
				LD_RUNPATH_SEARCH_PATHS = "$(inherited) @executable_path/Frameworks @loader_path/Frameworks";
				PRODUCT_NAME = "$(TARGET_NAME)";
				TEST_HOST = "$(BUILT_PRODUCTS_DIR)/Postcard.app/Postcard";
			};
			name = Debug;
		};
		365626321AD2B2B400C4B147 /* Release */ = {
			isa = XCBuildConfiguration;
			buildSettings = {
				BUNDLE_LOADER = "$(TEST_HOST)";
				FRAMEWORK_SEARCH_PATHS = (
					"$(SDKROOT)/Developer/Library/Frameworks",
					"$(inherited)",
				);
				INFOPLIST_FILE = PostcardTests/Info.plist;
				LD_RUNPATH_SEARCH_PATHS = "$(inherited) @executable_path/Frameworks @loader_path/Frameworks";
				PRODUCT_NAME = "$(TARGET_NAME)";
				TEST_HOST = "$(BUILT_PRODUCTS_DIR)/Postcard.app/Postcard";
			};
			name = Release;
		};
/* End XCBuildConfiguration section */

/* Begin XCConfigurationList section */
		365626091AD2B2B400C4B147 /* Build configuration list for PBXProject "Postcard" */ = {
			isa = XCConfigurationList;
			buildConfigurations = (
				3656262B1AD2B2B400C4B147 /* Debug */,
				3656262C1AD2B2B400C4B147 /* Release */,
			);
			defaultConfigurationIsVisible = 0;
			defaultConfigurationName = Release;
		};
		3656262D1AD2B2B400C4B147 /* Build configuration list for PBXNativeTarget "Postcard" */ = {
			isa = XCConfigurationList;
			buildConfigurations = (
				3656262E1AD2B2B400C4B147 /* Debug */,
				3656262F1AD2B2B400C4B147 /* Release */,
			);
			defaultConfigurationIsVisible = 0;
		};
		365626301AD2B2B400C4B147 /* Build configuration list for PBXNativeTarget "PostcardTests" */ = {
			isa = XCConfigurationList;
			buildConfigurations = (
				365626311AD2B2B400C4B147 /* Debug */,
				365626321AD2B2B400C4B147 /* Release */,
			);
			defaultConfigurationIsVisible = 0;
		};
/* End XCConfigurationList section */
	};
	rootObject = 365626061AD2B2B400C4B147 /* Project object */;
}
